# @generated - this file is auto-generated by `mise lock` https://mise.en.dev/dev-tools/mise-lock.html

[[tools.node]]
version = "22.23.1"
backend = "core:node"

[tools.node."platforms.linux-arm64"]
checksum = "sha256:543fa39e57d4c07855939459a323f4deb9a79dd1bb45e6e99458b0f2de10db8d"
url = "https://nodejs.org/dist/v22.23.1/node-v22.23.1-linux-arm64.tar.gz"

[tools.node."platforms.linux-arm64-musl"]
checksum = "sha256:e936285203461f05614bba13fb265ab64e5c63048b35514cec66ae9a1666a07b"
url = "https://unofficial-builds.nodejs.org/download/release/v22.23.1/node-v22.23.1-linux-arm64-musl.tar.gz"

[tools.node."platforms.linux-x64"]
checksum = "sha256:7a8cb04b4a1df4eaf432125324b81b29a088e73570a23259a8de1c65d07fc129"
url = "https://nodejs.org/dist/v22.23.1/node-v22.23.1-linux-x64.tar.gz"

[tools.node."platforms.linux-x64-musl"]
checksum = "sha256:b04877cf19a1b2515cfd95a0eab8f357b2eaa065128c3b9da07b0b10efe2577c"
url = "https://unofficial-builds.nodejs.org/download/release/v22.23.1/node-v22.23.1-linux-x64-musl.tar.gz"

[tools.node."platforms.macos-arm64"]
checksum = "sha256:ef28d8fab2c0e4314522d4bb1b7173270aa3937e93b92cb7de79c112ac1fa953"
url = "https://nodejs.org/dist/v22.23.1/node-v22.23.1-darwin-arm64.tar.gz"

[tools.node."platforms.macos-x64"]
checksum = "sha256:b8da981b8a0b1241b70249204916da76c63573ddf5814dbd2d1e41069105cb81"
url = "https://nodejs.org/dist/v22.23.1/node-v22.23.1-darwin-x64.tar.gz"

[tools.node."platforms.windows-x64"]
checksum = "sha256:7df0bc9375723f4a86b3aa1b7cc73342423d9677a8df4538aca31a049e309c29"
url = "https://nodejs.org/dist/v22.23.1/node-v22.23.1-win-x64.zip"

[[tools.yarn]]
version = "4.5.0"
backend = "vfox:mise-plugins/vfox-yarn"
