# This file is generated by running "yarn install" inside your project.
# Manual changes might be lost - proceed with caution!

__metadata:
  version: 6
  cacheKey: 8

"package-a@workspace:packages/package-a":
  version: 0.0.0-use.local
  resolution: "package-a@workspace:packages/package-a"
  dependencies:
    package-b: "workspace:*"
  languageName: unknown
  linkType: soft

"package-b@workspace:*, package-b@workspace:packages/package-b":
  version: 0.0.0-use.local
  resolution: "package-b@workspace:packages/package-b"
  languageName: unknown
  linkType: soft

"turbo-darwin-64@npm:1.6.3":
  version: 1.6.3
  resolution: "turbo-darwin-64@npm:1.6.3"
  conditions: os=darwin & cpu=x64
  languageName: node
  linkType: hard

"turbo-darwin-arm64@npm:1.6.3":
  version: 1.6.3
  resolution: "turbo-darwin-arm64@npm:1.6.3"
  conditions: os=darwin & cpu=arm64
  languageName: node
  linkType: hard

"turbo-linux-64@npm:1.6.3":
  version: 1.6.3
  resolution: "turbo-linux-64@npm:1.6.3"
  conditions: os=linux & cpu=x64
  languageName: node
  linkType: hard

"turbo-linux-arm64@npm:1.6.3":
  version: 1.6.3
  resolution: "turbo-linux-arm64@npm:1.6.3"
  conditions: os=linux & cpu=arm64
  languageName: node
  linkType: hard

"turbo-windows-64@npm:1.6.3":
  version: 1.6.3
  resolution: "turbo-windows-64@npm:1.6.3"
  conditions: os=win32 & cpu=x64
  languageName: node
  linkType: hard

"turbo-windows-arm64@npm:1.6.3":
  version: 1.6.3
  resolution: "turbo-windows-arm64@npm:1.6.3"
  conditions: os=win32 & cpu=arm64
  languageName: node
  linkType: hard

"turbo@npm:1.6.3":
  version: 1.6.3
  resolution: "turbo@npm:1.6.3"
  dependencies:
    turbo-darwin-64: 1.6.3
    turbo-darwin-arm64: 1.6.3
    turbo-linux-64: 1.6.3
    turbo-linux-arm64: 1.6.3
    turbo-windows-64: 1.6.3
    turbo-windows-arm64: 1.6.3
  dependenciesMeta:
    turbo-darwin-64:
      optional: true
    turbo-darwin-arm64:
      optional: true
    turbo-linux-64:
      optional: true
    turbo-linux-arm64:
      optional: true
    turbo-windows-64:
      optional: true
    turbo-windows-arm64:
      optional: true
  bin:
    turbo: bin/turbo
  checksum: 35195f4b7623014c25ba152c11a8cb23e51cbd75dc9266d0656692665f85b28faf3496dea8cecacf52795a917410668124186ffbdcf276325ccc3e11df9e9623
  languageName: node
  linkType: hard

"yarn-workspaces@workspace:.":
  version: 0.0.0-use.local
  resolution: "yarn-workspaces@workspace:."
  dependencies:
    turbo: 1.6.3
  languageName: unknown
  linkType: soft
