# This file is generated by running "yarn install" inside your project.
# Manual changes might be lost - proceed with caution!

__metadata:
  version: 6
  cacheKey: 8

"package-a@workspace:packages/package-a":
  version: 0.0.0-use.local
  resolution: "package-a@workspace:packages/package-a"
  dependencies:
    package-b: "workspace:*"
  languageName: unknown
  linkType: soft

"package-b@workspace:*, package-b@workspace:packages/package-b":
  version: 0.0.0-use.local
  resolution: "package-b@workspace:packages/package-b"
  languageName: unknown
  linkType: soft

"turbo-darwin-64@npm:1.12.0":
  version: 1.12.0
  resolution: "turbo-darwin-64@npm:1.12.0"
  conditions: os=darwin & cpu=x64
  languageName: node
  linkType: hard

"turbo-darwin-arm64@npm:1.12.0":
  version: 1.12.0
  resolution: "turbo-darwin-arm64@npm:1.12.0"
  conditions: os=darwin & cpu=arm64
  languageName: node
  linkType: hard

"turbo-linux-64@npm:1.12.0":
  version: 1.12.0
  resolution: "turbo-linux-64@npm:1.12.0"
  conditions: os=linux & cpu=x64
  languageName: node
  linkType: hard

"turbo-linux-arm64@npm:1.12.0":
  version: 1.12.0
  resolution: "turbo-linux-arm64@npm:1.12.0"
  conditions: os=linux & cpu=arm64
  languageName: node
  linkType: hard

"turbo-windows-64@npm:1.12.0":
  version: 1.12.0
  resolution: "turbo-windows-64@npm:1.12.0"
  conditions: os=win32 & cpu=x64
  languageName: node
  linkType: hard

"turbo-windows-arm64@npm:1.12.0":
  version: 1.12.0
  resolution: "turbo-windows-arm64@npm:1.12.0"
  conditions: os=win32 & cpu=arm64
  languageName: node
  linkType: hard

"turbo@npm:1.12.0":
  version: 1.12.0
  resolution: "turbo@npm:1.12.0"
  dependencies:
    turbo-darwin-64: 1.12.0
    turbo-darwin-arm64: 1.12.0
    turbo-linux-64: 1.12.0
    turbo-linux-arm64: 1.12.0
    turbo-windows-64: 1.12.0
    turbo-windows-arm64: 1.12.0
  dependenciesMeta:
    turbo-darwin-64:
      optional: true
    turbo-darwin-arm64:
      optional: true
    turbo-linux-64:
      optional: true
    turbo-linux-arm64:
      optional: true
    turbo-windows-64:
      optional: true
    turbo-windows-arm64:
      optional: true
  bin:
    turbo: bin/turbo
  checksum: 2c79e7b40bc70749efe65acb569c3871227cc69ca49489bc4793e2105297de82c08158533bd6accb2e89f1b48dc3130a9a86c7f7e4c8738cf366516b9692ab74
  languageName: node
  linkType: hard

"yarn-workspaces@workspace:.":
  version: 0.0.0-use.local
  resolution: "yarn-workspaces@workspace:."
  dependencies:
    turbo: 1.12.0
  languageName: unknown
  linkType: soft
