# This file is generated by running "yarn install" inside your project.
# Manual changes might be lost - proceed with caution!

__metadata:
  version: 6
  cacheKey: 8

"package-a@workspace:packages/package-a":
  version: 0.0.0-use.local
  resolution: "package-a@workspace:packages/package-a"
  dependencies:
    package-b: "workspace:*"
  languageName: unknown
  linkType: soft

"package-b@workspace:*, package-b@workspace:packages/package-b":
  version: 0.0.0-use.local
  resolution: "package-b@workspace:packages/package-b"
  languageName: unknown
  linkType: soft

"turbo-darwin-64@npm:2.0.1":
  version: 2.0.1
  resolution: "turbo-darwin-64@npm:2.0.1"
  conditions: os=darwin & cpu=x64
  languageName: node
  linkType: hard

"turbo-darwin-arm64@npm:2.0.1":
  version: 2.0.1
  resolution: "turbo-darwin-arm64@npm:2.0.1"
  conditions: os=darwin & cpu=arm64
  languageName: node
  linkType: hard

"turbo-linux-64@npm:2.0.1":
  version: 2.0.1
  resolution: "turbo-linux-64@npm:2.0.1"
  conditions: os=linux & cpu=x64
  languageName: node
  linkType: hard

"turbo-linux-arm64@npm:2.0.1":
  version: 2.0.1
  resolution: "turbo-linux-arm64@npm:2.0.1"
  conditions: os=linux & cpu=arm64
  languageName: node
  linkType: hard

"turbo-windows-64@npm:2.0.1":
  version: 2.0.1
  resolution: "turbo-windows-64@npm:2.0.1"
  conditions: os=win32 & cpu=x64
  languageName: node
  linkType: hard

"turbo-windows-arm64@npm:2.0.1":
  version: 2.0.1
  resolution: "turbo-windows-arm64@npm:2.0.1"
  conditions: os=win32 & cpu=arm64
  languageName: node
  linkType: hard

"turbo@npm:2.0.1":
  version: 2.0.1
  resolution: "turbo@npm:2.0.1"
  dependencies:
    turbo-darwin-64: 2.0.1
    turbo-darwin-arm64: 2.0.1
    turbo-linux-64: 2.0.1
    turbo-linux-arm64: 2.0.1
    turbo-windows-64: 2.0.1
    turbo-windows-arm64: 2.0.1
  dependenciesMeta:
    turbo-darwin-64:
      optional: true
    turbo-darwin-arm64:
      optional: true
    turbo-linux-64:
      optional: true
    turbo-linux-arm64:
      optional: true
    turbo-windows-64:
      optional: true
    turbo-windows-arm64:
      optional: true
  bin:
    turbo: bin/turbo
  checksum: 449b0be4caf097e1dc2876c3afccee0ecbd1148d632fdecaef44bd5c20f7384eedc6f77ae187e04866a12dde28966c6b506983ceb80d86a7ed4cc8b756f15a87
  languageName: node
  linkType: hard

"yarn-workspaces@workspace:.":
  version: 0.0.0-use.local
  resolution: "yarn-workspaces@workspace:."
  dependencies:
    turbo: 2.0.1
  languageName: unknown
  linkType: soft
